// !$*UTF8*$!
{
	archiveVersion = 1;
	classes = {
	};
	objectVersion = 46;
	objects = {

/* Begin PBXBuildFile section */
		870C496B172ABCB500777368 /* UIKit.framework in Frameworks */ = {isa = PBXBuildFile; fileRef = 870C496A172ABCB500777368 /* UIKit.framework */; };
		870C496D172ABCB500777368 /* Foundation.framework in Frameworks */ = {isa = PBXBuildFile; fileRef = 870C496C172ABCB500777368 /* Foundation.framework */; };
		870C496F172ABCB500777368 /* CoreGraphics.framework in Frameworks */ = {isa = PBXBuildFile; fileRef = 870C496E172ABCB500777368 /* CoreGraphics.framework */; };
		870C4975172ABCB500777368 /* InfoPlist.strings in Resources */ = {isa = PBXBuildFile; fileRef = 870C4973172ABCB500777368 /* InfoPlist.strings */; };
		870C4977172ABCB500777368 /* main.m in Sources */ = {isa = PBXBuildFile; fileRef = 870C4976172ABCB500777368 /* main.m */; };
		870C497B172ABCB500777368 /* CWMAppDelegate.m in Sources */ = {isa = PBXBuildFile; fileRef = 870C497A172ABCB500777368 /* CWMAppDelegate.m */; };
		870C497D172ABCB500777368 /* Default.png in Resources */ = {isa = PBXBuildFile; fileRef = 870C497C172ABCB500777368 /* Default.png */; };
		870C497F172ABCB500777368 /* Default@2x.png in Resources */ = {isa = PBXBuildFile; fileRef = 870C497E172ABCB500777368 /* Default@2x.png */; };
		870C4981172ABCB500777368 /* Default-568h@2x.png in Resources */ = {isa = PBXBuildFile; fileRef = 870C4980172ABCB500777368 /* Default-568h@2x.png */; };
		870C4984172ABCB500777368 /* MainStoryboard.storyboard in Resources */ = {isa = PBXBuildFile; fileRef = 870C4982172ABCB500777368 /* MainStoryboard.storyboard */; };
		870C4987172ABCB500777368 /* CWMViewController.m in Sources */ = {isa = PBXBuildFile; fileRef = 870C4986172ABCB500777368 /* CWMViewController.m */; };
/* End PBXBuildFile section */

/* Begin PBXFileReference section */
		870C4967172ABCB500777368 /* CalculatorWithMemory.app */ = {isa = PBXFileReference; explicitFileType = wrapper.application; includeInIndex = 0; path = CalculatorWithMemory.app; sourceTree = BUILT_PRODUCTS_DIR; };
		870C496A172ABCB500777368 /* UIKit.framework */ = {isa = PBXFileReference; lastKnownFileType = wrapper.framework; name = UIKit.framework; path = System/Library/Frameworks/UIKit.framework; sourceTree = SDKROOT; };
		870C496C172ABCB500777368 /* Foundation.framework */ = {isa = PBXFileReference; lastKnownFileType = wrapper.framework; name = Foundation.framework; path = System/Library/Frameworks/Foundation.framework; sourceTree = SDKROOT; };
		870C496E172ABCB500777368 /* CoreGraphics.framework */ = {isa = PBXFileReference; lastKnownFileType = wrapper.framework; name = CoreGraphics.framework; path = System/Library/Frameworks/CoreGraphics.framework; sourceTree = SDKROOT; };
		870C4972172ABCB500777368 /* CalculatorWithMemory-Info.plist */ = {isa = PBXFileReference; lastKnownFileType = text.plist.xml; path = "CalculatorWithMemory-Info.plist"; sourceTree = "<group>"; };
		870C4974172ABCB500777368 /* en */ = {isa = PBXFileReference; lastKnownFileType = text.plist.strings; name = en; path = en.lproj/InfoPlist.strings; sourceTree = "<group>"; };
		870C4976172ABCB500777368 /* main.m */ = {isa = PBXFileReference; lastKnownFileType = sourcecode.c.objc; path = main.m; sourceTree = "<group>"; };
		870C4978172ABCB500777368 /* CalculatorWithMemory-Prefix.pch */ = {isa = PBXFileReference; lastKnownFileType = sourcecode.c.h; path = "CalculatorWithMemory-Prefix.pch"; sourceTree = "<group>"; };
		870C4979172ABCB500777368 /* CWMAppDelegate.h */ = {isa = PBXFileReference; lastKnownFileType = sourcecode.c.h; path = CWMAppDelegate.h; sourceTree = "<group>"; };
		870C497A172ABCB500777368 /* CWMAppDelegate.m */ = {isa = PBXFileReference; lastKnownFileType = sourcecode.c.objc; path = CWMAppDelegate.m; sourceTree = "<group>"; };
		870C497C172ABCB500777368 /* Default.png */ = {isa = PBXFileReference; lastKnownFileType = image.png; path = Default.png; sourceTree = "<group>"; };
		870C497E172ABCB500777368 /* Default@2x.png */ = {isa = PBXFileReference; lastKnownFileType = image.png; path = "Default@2x.png"; sourceTree = "<group>"; };
		870C4980172ABCB500777368 /* Default-568h@2x.png */ = {isa = PBXFileReference; lastKnownFileType = image.png; path = "Default-568h@2x.png"; sourceTree = "<group>"; };
		870C4983172ABCB500777368 /* en */ = {isa = PBXFileReference; lastKnownFileType = file.storyboard; name = en; path = en.lproj/MainStoryboard.storyboard; sourceTree = "<group>"; };
		870C4985172ABCB500777368 /* CWMViewController.h */ = {isa = PBXFileReference; lastKnownFileType = sourcecode.c.h; path = CWMViewController.h; sourceTree = "<group>"; };
		870C4986172ABCB500777368 /* CWMViewController.m */ = {isa = PBXFileReference; lastKnownFileType = sourcecode.c.objc; path = CWMViewController.m; sourceTree = "<group>"; };
/* End PBXFileReference section */

/* Begin PBXFrameworksBuildPhase section */
		870C4964172ABCB500777368 /* Frameworks */ = {
			isa = PBXFrameworksBuildPhase;
			buildActionMask = 2147483647;
			files = (
				870C496B172ABCB500777368 /* UIKit.framework in Frameworks */,
				870C496D172ABCB500777368 /* Foundation.framework in Frameworks */,
				870C496F172ABCB500777368 /* CoreGraphics.framework in Frameworks */,
			);
			runOnlyForDeploymentPostprocessing = 0;
		};
/* End PBXFrameworksBuildPhase section */

/* Begin PBXGroup section */
		870C495E172ABCB500777368 = {
			isa = PBXGroup;
			children = (
				870C4970172ABCB500777368 /* CalculatorWithMemory */,
				870C4969172ABCB500777368 /* Frameworks */,
				870C4968172ABCB500777368 /* Products */,
			);
			sourceTree = "<group>";
		};
		870C4968172ABCB500777368 /* Products */ = {
			isa = PBXGroup;
			children = (
				870C4967172ABCB500777368 /* CalculatorWithMemory.app */,
			);
			name = Products;
			sourceTree = "<group>";
		};
		870C4969172ABCB500777368 /* Frameworks */ = {
			isa = PBXGroup;
			children = (
				870C496A172ABCB500777368 /* UIKit.framework */,
				870C496C172ABCB500777368 /* Foundation.framework */,
				870C496E172ABCB500777368 /* CoreGraphics.framework */,
			);
			name = Frameworks;
			sourceTree = "<group>";
		};
		870C4970172ABCB500777368 /* CalculatorWithMemory */ = {
			isa = PBXGroup;
			children = (
				870C4979172ABCB500777368 /* CWMAppDelegate.h */,
				870C497A172ABCB500777368 /* CWMAppDelegate.m */,
				870C4982172ABCB500777368 /* MainStoryboard.storyboard */,
				870C4985172ABCB500777368 /* CWMViewController.h */,
				870C4986172ABCB500777368 /* CWMViewController.m */,
				870C4971172ABCB500777368 /* Supporting Files */,
			);
			path = CalculatorWithMemory;
			sourceTree = "<group>";
		};
		870C4971172ABCB500777368 /* Supporting Files */ = {
			isa = PBXGroup;
			children = (
				870C4972172ABCB500777368 /* CalculatorWithMemory-Info.plist */,
				870C4973172ABCB500777368 /* InfoPlist.strings */,
				870C4976172ABCB500777368 /* main.m */,
				870C4978172ABCB500777368 /* CalculatorWithMemory-Prefix.pch */,
				870C497C172ABCB500777368 /* Default.png */,
				870C497E172ABCB500777368 /* Default@2x.png */,
				870C4980172ABCB500777368 /* Default-568h@2x.png */,
			);
			name = "Supporting Files";
			sourceTree = "<group>";
		};
/* End PBXGroup section */

/* Begin PBXNativeTarget section */
		870C4966172ABCB500777368 /* CalculatorWithMemory */ = {
			isa = PBXNativeTarget;
			buildConfigurationList = 870C498A172ABCB500777368 /* Build configuration list for PBXNativeTarget "CalculatorWithMemory" */;
			buildPhases = (
				870C4963172ABCB500777368 /* Sources */,
				870C4964172ABCB500777368 /* Frameworks */,
				870C4965172ABCB500777368 /* Resources */,
			);
			buildRules = (
			);
			dependencies = (
			);
			name = CalculatorWithMemory;
			productName = CalculatorWithMemory;
			productReference = 870C4967172ABCB500777368 /* CalculatorWithMemory.app */;
			productType = "com.apple.product-type.application";
		};
/* End PBXNativeTarget section */

/* Begin PBXProject section */
		870C495F172ABCB500777368 /* Project object */ = {
			isa = PBXProject;
			attributes = {
				CLASSPREFIX = CWM;
				LastUpgradeCheck = 0460;
				ORGANIZATIONNAME = Trung;
			};
			buildConfigurationList = 870C4962172ABCB500777368 /* Build configuration list for PBXProject "CalculatorWithMemory" */;
			compatibilityVersion = "Xcode 3.2";
			developmentRegion = English;
			hasScannedForEncodings = 0;
			knownRegions = (
				en,
			);
			mainGroup = 870C495E172ABCB500777368;
			productRefGroup = 870C4968172ABCB500777368 /* Products */;
			projectDirPath = "";
			projectRoot = "";
			targets = (
				870C4966172ABCB500777368 /* CalculatorWithMemory */,
			);
		};
/* End PBXProject section */

/* Begin PBXResourcesBuildPhase section */
		870C4965172ABCB500777368 /* Resources */ = {
			isa = PBXResourcesBuildPhase;
			buildActionMask = 2147483647;
			files = (
				870C4975172ABCB500777368 /* InfoPlist.strings in Resources */,
				870C497D172ABCB500777368 /* Default.png in Resources */,
				870C497F172ABCB500777368 /* Default@2x.png in Resources */,
				870C4981172ABCB500777368 /* Default-568h@2x.png in Resources */,
				870C4984172ABCB500777368 /* MainStoryboard.storyboard in Resources */,
			);
			runOnlyForDeploymentPostprocessing = 0;
		};
/* End PBXResourcesBuildPhase section */

/* Begin PBXSourcesBuildPhase section */
		870C4963172ABCB500777368 /* Sources */ = {
			isa = PBXSourcesBuildPhase;
			buildActionMask = 2147483647;
			files = (
				870C4977172ABCB500777368 /* main.m in Sources */,
				870C497B172ABCB500777368 /* CWMAppDelegate.m in Sources */,
				870C4987172ABCB500777368 /* CWMViewController.m in Sources */,
			);
			runOnlyForDeploymentPostprocessing = 0;
		};
/* End PBXSourcesBuildPhase section */

/* Begin PBXVariantGroup section */
		870C4973172ABCB500777368 /* InfoPlist.strings */ = {
			isa = PBXVariantGroup;
			children = (
				870C4974172ABCB500777368 /* en */,
			);
			name = InfoPlist.strings;
			sourceTree = "<group>";
		};
		870C4982172ABCB500777368 /* MainStoryboard.storyboard */ = {
			isa = PBXVariantGroup;
			children = (
				870C4983172ABCB500777368 /* en */,
			);
			name = MainStoryboard.storyboard;
			sourceTree = "<group>";
		};
/* End PBXVariantGroup section */

/* Begin XCBuildConfiguration section */
		870C4988172ABCB500777368 /* Debug */ = {
			isa = XCBuildConfiguration;
			buildSettings = {
				ALWAYS_SEARCH_USER_PATHS = NO;
				CLANG_CXX_LANGUAGE_STANDARD = "gnu++0x";
				CLANG_CXX_LIBRARY = "libc++";
				CLANG_ENABLE_OBJC_ARC = YES;
				CLANG_WARN_CONSTANT_CONVERSION = YES;
				CLANG_WARN_EMPTY_BODY = YES;
				CLANG_WARN_ENUM_CONVERSION = YES;
				CLANG_WARN_INT_CONVERSION = YES;
				CLANG_WARN__DUPLICATE_METHOD_MATCH = YES;
				"CODE_SIGN_IDENTITY[sdk=iphoneos*]" = "iPhone Developer";
				COPY_PHASE_STRIP = NO;
				GCC_C_LANGUAGE_STANDARD = gnu99;
				GCC_DYNAMIC_NO_PIC = NO;
				GCC_OPTIMIZATION_LEVEL = 0;
				GCC_PREPROCESSOR_DEFINITIONS = (
					"DEBUG=1",
					"$(inherited)",
				);
				GCC_SYMBOLS_PRIVATE_EXTERN = NO;
				GCC_WARN_ABOUT_RETURN_TYPE = YES;
				GCC_WARN_UNINITIALIZED_AUTOS = YES;
				GCC_WARN_UNUSED_VARIABLE = YES;
				IPHONEOS_DEPLOYMENT_TARGET = 6.1;
				ONLY_ACTIVE_ARCH = YES;
				SDKROOT = iphoneos;
			};
			name = Debug;
		};
		870C4989172ABCB500777368 /* Release */ = {
			isa = XCBuildConfiguration;
			buildSettings = {
				ALWAYS_SEARCH_USER_PATHS = NO;
				CLANG_CXX_LANGUAGE_STANDARD = "gnu++0x";
				CLANG_CXX_LIBRARY = "libc++";
				CLANG_ENABLE_OBJC_ARC = YES;
				CLANG_WARN_CONSTANT_CONVERSION = YES;
				CLANG_WARN_EMPTY_BODY = YES;
				CLANG_WARN_ENUM_CONVERSION = YES;
				CLANG_WARN_INT_CONVERSION = YES;
				CLANG_WARN__DUPLICATE_METHOD_MATCH = YES;
				"CODE_SIGN_IDENTITY[sdk=iphoneos*]" = "iPhone Developer";
				COPY_PHASE_STRIP = YES;
				GCC_C_LANGUAGE_STANDARD = gnu99;
				GCC_WARN_ABOUT_RETURN_TYPE = YES;
				GCC_WARN_UNINITIALIZED_AUTOS = YES;
				GCC_WARN_UNUSED_VARIABLE = YES;
				IPHONEOS_DEPLOYMENT_TARGET = 6.1;
				OTHER_CFLAGS = "-DNS_BLOCK_ASSERTIONS=1";
				SDKROOT = iphoneos;
				VALIDATE_PRODUCT = YES;
			};
			name = Release;
		};
		870C498B172ABCB500777368 /* Debug */ = {
			isa = XCBuildConfiguration;
			buildSettings = {
				GCC_PRECOMPILE_PREFIX_HEADER = YES;
				GCC_PREFIX_HEADER = "CalculatorWithMemory/CalculatorWithMemory-Prefix.pch";
				INFOPLIST_FILE = "CalculatorWithMemory/CalculatorWithMemory-Info.plist";
				PRODUCT_NAME = "$(TARGET_NAME)";
				WRAPPER_EXTENSION = app;
			};
			name = Debug;
		};
		870C498C172ABCB500777368 /* Release */ = {
			isa = XCBuildConfiguration;
			buildSettings = {
				GCC_PRECOMPILE_PREFIX_HEADER = YES;
				GCC_PREFIX_HEADER = "CalculatorWithMemory/CalculatorWithMemory-Prefix.pch";
				INFOPLIST_FILE = "CalculatorWithMemory/CalculatorWithMemory-Info.plist";
				PRODUCT_NAME = "$(TARGET_NAME)";
				WRAPPER_EXTENSION = app;
			};
			name = Release;
		};
/* End XCBuildConfiguration section */

/* Begin XCConfigurationList section */
		870C4962172ABCB500777368 /* Build configuration list for PBXProject "CalculatorWithMemory" */ = {
			isa = XCConfigurationList;
			buildConfigurations = (
				870C4988172ABCB500777368 /* Debug */,
				870C4989172ABCB500777368 /* Release */,
			);
			defaultConfigurationIsVisible = 0;
			defaultConfigurationName = Release;
		};
		870C498A172ABCB500777368 /* Build configuration list for PBXNativeTarget "CalculatorWithMemory" */ = {
			isa = XCConfigurationList;
			buildConfigurations = (
				870C498B172ABCB500777368 /* Debug */,
				870C498C172ABCB500777368 /* Release */,
			);
			defaultConfigurationIsVisible = 0;
		};
/* End XCConfigurationList section */
	};
	rootObject = 870C495F172ABCB500777368 /* Project object */;
}
